// !$*UTF8*$!
{
	archiveVersion = 1;
	classes = {
	};
	objectVersion = 56;
	objects = {

/* Begin PBXBuildFile section */
		944213B32A6D9386000562BB /* AppDelegate.swift in Sources */ = {isa = PBXBuildFile; fileRef = 944213B22A6D9386000562BB /* AppDelegate.swift */; };
		944213B52A6D9386000562BB /* SceneDelegate.swift in Sources */ = {isa = PBXBuildFile; fileRef = 944213B42A6D9386000562BB /* SceneDelegate.swift */; };
		944213B72A6D9386000562BB /* MovieViewController.swift in Sources */ = {isa = PBXBuildFile; fileRef = 944213B62A6D9386000562BB /* MovieViewController.swift */; };
		944213BA2A6D9386000562BB /* Main.storyboard in Resources */ = {isa = PBXBuildFile; fileRef = 944213B82A6D9386000562BB /* Main.storyboard */; };
		944213BC2A6D9389000562BB /* Assets.xcassets in Resources */ = {isa = PBXBuildFile; fileRef = 944213BB2A6D9389000562BB /* Assets.xcassets */; };
		944213BF2A6D9389000562BB /* LaunchScreen.storyboard in Resources */ = {isa = PBXBuildFile; fileRef = 944213BD2A6D9389000562BB /* LaunchScreen.storyboard */; };
		944213C72A6D9A02000562BB /* MovieTableViewCell.swift in Sources */ = {isa = PBXBuildFile; fileRef = 944213C62A6D9A02000562BB /* MovieTableViewCell.swift */; };
		944213C92A6DA78C000562BB /* Movie.swift in Sources */ = {isa = PBXBuildFile; fileRef = 944213C82A6DA78C000562BB /* Movie.swift */; };
/* End PBXBuildFile section */

/* Begin PBXFileReference section */
		944213AF2A6D9386000562BB /* MDEV1004-M2023-ICE7A.app */ = {isa = PBXFileReference; explicitFileType = wrapper.application; includeInIndex = 0; path = "MDEV1004-M2023-ICE7A.app"; sourceTree = BUILT_PRODUCTS_DIR; };
		944213B22A6D9386000562BB /* AppDelegate.swift */ = {isa = PBXFileReference; lastKnownFileType = sourcecode.swift; path = AppDelegate.swift; sourceTree = "<group>"; };
		944213B42A6D9386000562BB /* SceneDelegate.swift */ = {isa = PBXFileReference; lastKnownFileType = sourcecode.swift; path = SceneDelegate.swift; sourceTree = "<group>"; };
		944213B62A6D9386000562BB /* MovieViewController.swift */ = {isa = PBXFileReference; lastKnownFileType = sourcecode.swift; path = MovieViewController.swift; sourceTree = "<group>"; };
		944213B92A6D9386000562BB /* Base */ = {isa = PBXFileReference; lastKnownFileType = file.storyboard; name = Base; path = Base.lproj/Main.storyboard; sourceTree = "<group>"; };
		944213BB2A6D9389000562BB /* Assets.xcassets */ = {isa = PBXFileReference; lastKnownFileType = folder.assetcatalog; path = Assets.xcassets; sourceTree = "<group>"; };
		944213BE2A6D9389000562BB /* Base */ = {isa = PBXFileReference; lastKnownFileType = file.storyboard; name = Base; path = Base.lproj/LaunchScreen.storyboard; sourceTree = "<group>"; };
		944213C02A6D9389000562BB /* Info.plist */ = {isa = PBXFileReference; lastKnownFileType = text.plist.xml; path = Info.plist; sourceTree = "<group>"; };
		944213C62A6D9A02000562BB /* MovieTableViewCell.swift */ = {isa = PBXFileReference; lastKnownFileType = sourcecode.swift; path = MovieTableViewCell.swift; sourceTree = "<group>"; };
		944213C82A6DA78C000562BB /* Movie.swift */ = {isa = PBXFileReference; lastKnownFileType = sourcecode.swift; path = Movie.swift; sourceTree = "<group>"; };
/* End PBXFileReference section */

/* Begin PBXFrameworksBuildPhase section */
		944213AC2A6D9386000562BB /* Frameworks */ = {
			isa = PBXFrameworksBuildPhase;
			buildActionMask = 2147483647;
			files = (
			);
			runOnlyForDeploymentPostprocessing = 0;
		};
/* End PBXFrameworksBuildPhase section */

/* Begin PBXGroup section */
		944213A62A6D9386000562BB = {
			isa = PBXGroup;
			children = (
				944213B12A6D9386000562BB /* MDEV1004-M2023-ICE7A */,
				944213B02A6D9386000562BB /* Products */,
			);
			sourceTree = "<group>";
		};
		944213B02A6D9386000562BB /* Products */ = {
			isa = PBXGroup;
			children = (
				944213AF2A6D9386000562BB /* MDEV1004-M2023-ICE7A.app */,
			);
			name = Products;
			sourceTree = "<group>";
		};
		944213B12A6D9386000562BB /* MDEV1004-M2023-ICE7A */ = {
			isa = PBXGroup;
			children = (
				944213CB2A6DA7DA000562BB /* Model */,
				944213B22A6D9386000562BB /* AppDelegate.swift */,
				944213B42A6D9386000562BB /* SceneDelegate.swift */,
				944213B62A6D9386000562BB /* MovieViewController.swift */,
				944213B82A6D9386000562BB /* Main.storyboard */,
				944213BB2A6D9389000562BB /* Assets.xcassets */,
				944213BD2A6D9389000562BB /* LaunchScreen.storyboard */,
				944213C02A6D9389000562BB /* Info.plist */,
				944213C62A6D9A02000562BB /* MovieTableViewCell.swift */,
			);
			path = "MDEV1004-M2023-ICE7A";
			sourceTree = "<group>";
		};
		944213CB2A6DA7DA000562BB /* Model */ = {
			isa = PBXGroup;
			children = (
				944213C82A6DA78C000562BB /* Movie.swift */,
			);
			path = Model;
			sourceTree = "<group>";
		};
/* End PBXGroup section */

/* Begin PBXNativeTarget section */
		944213AE2A6D9386000562BB /* MDEV1004-M2023-ICE7A */ = {
			isa = PBXNativeTarget;
			buildConfigurationList = 944213C32A6D9389000562BB /* Build configuration list for PBXNativeTarget "MDEV1004-M2023-ICE7A" */;
			buildPhases = (
				944213AB2A6D9386000562BB /* Sources */,
				944213AC2A6D9386000562BB /* Frameworks */,
				944213AD2A6D9386000562BB /* Resources */,
			);
			buildRules = (
			);
			dependencies = (
			);
			name = "MDEV1004-M2023-ICE7A";
			productName = "MDEV1004-M2023-ICE7A";
			productReference = 944213AF2A6D9386000562BB /* MDEV1004-M2023-ICE7A.app */;
			productType = "com.apple.product-type.application";
		};
/* End PBXNativeTarget section */

/* Begin PBXProject section */
		944213A72A6D9386000562BB /* Project object */ = {
			isa = PBXProject;
			attributes = {
				BuildIndependentTargetsInParallel = 1;
				LastSwiftUpdateCheck = 1430;
				LastUpgradeCheck = 1430;
				TargetAttributes = {
					944213AE2A6D9386000562BB = {
						CreatedOnToolsVersion = 14.3;
					};
				};
			};
			buildConfigurationList = 944213AA2A6D9386000562BB /* Build configuration list for PBXProject "MDEV1004-M2023-ICE7A" */;
			compatibilityVersion = "Xcode 14.0";
			developmentRegion = en;
			hasScannedForEncodings = 0;
			knownRegions = (
				en,
				Base,
			);
			mainGroup = 944213A62A6D9386000562BB;
			productRefGroup = 944213B02A6D9386000562BB /* Products */;
			projectDirPath = "";
			projectRoot = "";
			targets = (
				944213AE2A6D9386000562BB /* MDEV1004-M2023-ICE7A */,
			);
		};
/* End PBXProject section */

/* Begin PBXResourcesBuildPhase section */
		944213AD2A6D9386000562BB /* Resources */ = {
			isa = PBXResourcesBuildPhase;
			buildActionMask = 2147483647;
			files = (
				944213BF2A6D9389000562BB /* LaunchScreen.storyboard in Resources */,
				944213BC2A6D9389000562BB /* Assets.xcassets in Resources */,
				944213BA2A6D9386000562BB /* Main.storyboard in Resources */,
			);
			runOnlyForDeploymentPostprocessing = 0;
		};
/* End PBXResourcesBuildPhase section */

/* Begin PBXSourcesBuildPhase section */
		944213AB2A6D9386000562BB /* Sources */ = {
			isa = PBXSourcesBuildPhase;
			buildActionMask = 2147483647;
			files = (
				944213B72A6D9386000562BB /* MovieViewController.swift in Sources */,
				944213B32A6D9386000562BB /* AppDelegate.swift in Sources */,
				944213C72A6D9A02000562BB /* MovieTableViewCell.swift in Sources */,
				944213B52A6D9386000562BB /* SceneDelegate.swift in Sources */,
				944213C92A6DA78C000562BB /* Movie.swift in Sources */,
			);
			runOnlyForDeploymentPostprocessing = 0;
		};
/* End PBXSourcesBuildPhase section */

/* Begin PBXVariantGroup section */
		944213B82A6D9386000562BB /* Main.storyboard */ = {
			isa = PBXVariantGroup;
			children = (
				944213B92A6D9386000562BB /* Base */,
			);
			name = Main.storyboard;
			sourceTree = "<group>";
		};
		944213BD2A6D9389000562BB /* LaunchScreen.storyboard */ = {
			isa = PBXVariantGroup;
			children = (
				944213BE2A6D9389000562BB /* Base */,
			);
			name = LaunchScreen.storyboard;
			sourceTree = "<group>";
		};
/* End PBXVariantGroup section */

/* Begin XCBuildConfiguration section */
		944213C12A6D9389000562BB /* Debug */ = {
			isa = XCBuildConfiguration;
			buildSettings = {
				ALWAYS_SEARCH_USER_PATHS = NO;
				CLANG_ANALYZER_NONNULL = YES;
				CLANG_ANALYZER_NUMBER_OBJECT_CONVERSION = YES_AGGRESSIVE;
				CLANG_CXX_LANGUAGE_STANDARD = "gnu++20";
				CLANG_ENABLE_MODULES = YES;
				CLANG_ENABLE_OBJC_ARC = YES;
				CLANG_ENABLE_OBJC_WEAK = YES;
				CLANG_WARN_BLOCK_CAPTURE_AUTORELEASING = YES;
				CLANG_WARN_BOOL_CONVERSION = YES;
				CLANG_WARN_COMMA = YES;
				CLANG_WARN_CONSTANT_CONVERSION = YES;
				CLANG_WARN_DEPRECATED_OBJC_IMPLEMENTATIONS = YES;
				CLANG_WARN_DIRECT_OBJC_ISA_USAGE = YES_ERROR;
				CLANG_WARN_DOCUMENTATION_COMMENTS = YES;
				CLANG_WARN_EMPTY_BODY = YES;
				CLANG_WARN_ENUM_CONVERSION = YES;
				CLANG_WARN_INFINITE_RECURSION = YES;
				CLANG_WARN_INT_CONVERSION = YES;
				CLANG_WARN_NON_LITERAL_NULL_CONVERSION = YES;
				CLANG_WARN_OBJC_IMPLICIT_RETAIN_SELF = YES;
				CLANG_WARN_OBJC_LITERAL_CONVERSION = YES;
				CLANG_WARN_OBJC_ROOT_CLASS = YES_ERROR;
				CLANG_WARN_QUOTED_INCLUDE_IN_FRAMEWORK_HEADER = YES;
				CLANG_WARN_RANGE_LOOP_ANALYSIS = YES;
				CLANG_WARN_STRICT_PROTOTYPES = YES;
				CLANG_WARN_SUSPICIOUS_MOVE = YES;
				CLANG_WARN_UNGUARDED_AVAILABILITY = YES_AGGRESSIVE;
				CLANG_WARN_UNREACHABLE_CODE = YES;
				CLANG_WARN__DUPLICATE_METHOD_MATCH = YES;
				COPY_PHASE_STRIP = NO;
				DEBUG_INFORMATION_FORMAT = dwarf;
				ENABLE_STRICT_OBJC_MSGSEND = YES;
				ENABLE_TESTABILITY = YES;
				GCC_C_LANGUAGE_STANDARD = gnu11;
				GCC_DYNAMIC_NO_PIC = NO;
				GCC_NO_COMMON_BLOCKS = YES;
				GCC_OPTIMIZATION_LEVEL = 0;
				GCC_PREPROCESSOR_DEFINITIONS = (
					"DEBUG=1",
					"$(inherited)",
				);
				GCC_WARN_64_TO_32_BIT_CONVERSION = YES;
				GCC_WARN_ABOUT_RETURN_TYPE = YES_ERROR;
				GCC_WARN_UNDECLARED_SELECTOR = YES;
				GCC_WARN_UNINITIALIZED_AUTOS = YES_AGGRESSIVE;
				GCC_WARN_UNUSED_FUNCTION = YES;
				GCC_WARN_UNUSED_VARIABLE = YES;
				IPHONEOS_DEPLOYMENT_TARGET = 16.4;
				MTL_ENABLE_DEBUG_INFO = INCLUDE_SOURCE;
				MTL_FAST_MATH = YES;
				ONLY_ACTIVE_ARCH = YES;
				SDKROOT = iphoneos;
				SWIFT_ACTIVE_COMPILATION_CONDITIONS = DEBUG;
				SWIFT_OPTIMIZATION_LEVEL = "-Onone";
			};
			name = Debug;
		};
		944213C22A6D9389000562BB /* Release */ = {
			isa = XCBuildConfiguration;
			buildSettings = {
				ALWAYS_SEARCH_USER_PATHS = NO;
				CLANG_ANALYZER_NONNULL = YES;
				CLANG_ANALYZER_NUMBER_OBJECT_CONVERSION = YES_AGGRESSIVE;
				CLANG_CXX_LANGUAGE_STANDARD = "gnu++20";
				CLANG_ENABLE_MODULES = YES;
				CLANG_ENABLE_OBJC_ARC = YES;
				CLANG_ENABLE_OBJC_WEAK = YES;
				CLANG_WARN_BLOCK_CAPTURE_AUTORELEASING = YES;
				CLANG_WARN_BOOL_CONVERSION = YES;
				CLANG_WARN_COMMA = YES;
				CLANG_WARN_CONSTANT_CONVERSION = YES;
				CLANG_WARN_DEPRECATED_OBJC_IMPLEMENTATIONS = YES;
				CLANG_WARN_DIRECT_OBJC_ISA_USAGE = YES_ERROR;
				CLANG_WARN_DOCUMENTATION_COMMENTS = YES;
				CLANG_WARN_EMPTY_BODY = YES;
				CLANG_WARN_ENUM_CONVERSION = YES;
				CLANG_WARN_INFINITE_RECURSION = YES;
				CLANG_WARN_INT_CONVERSION = YES;
				CLANG_WARN_NON_LITERAL_NULL_CONVERSION = YES;
				CLANG_WARN_OBJC_IMPLICIT_RETAIN_SELF = YES;
				CLANG_WARN_OBJC_LITERAL_CONVERSION = YES;
				CLANG_WARN_OBJC_ROOT_CLASS = YES_ERROR;
				CLANG_WARN_QUOTED_INCLUDE_IN_FRAMEWORK_HEADER = YES;
				CLANG_WARN_RANGE_LOOP_ANALYSIS = YES;
				CLANG_WARN_STRICT_PROTOTYPES = YES;
				CLANG_WARN_SUSPICIOUS_MOVE = YES;
				CLANG_WARN_UNGUARDED_AVAILABILITY = YES_AGGRESSIVE;
				CLANG_WARN_UNREACHABLE_CODE = YES;
				CLANG_WARN__DUPLICATE_METHOD_MATCH = YES;
				COPY_PHASE_STRIP = NO;
				DEBUG_INFORMATION_FORMAT = "dwarf-with-dsym";
				ENABLE_NS_ASSERTIONS = NO;
				ENABLE_STRICT_OBJC_MSGSEND = YES;
				GCC_C_LANGUAGE_STANDARD = gnu11;
				GCC_NO_COMMON_BLOCKS = YES;
				GCC_WARN_64_TO_32_BIT_CONVERSION = YES;
				GCC_WARN_ABOUT_RETURN_TYPE = YES_ERROR;
				GCC_WARN_UNDECLARED_SELECTOR = YES;
				GCC_WARN_UNINITIALIZED_AUTOS = YES_AGGRESSIVE;
				GCC_WARN_UNUSED_FUNCTION = YES;
				GCC_WARN_UNUSED_VARIABLE = YES;
				IPHONEOS_DEPLOYMENT_TARGET = 16.4;
				MTL_ENABLE_DEBUG_INFO = NO;
				MTL_FAST_MATH = YES;
				SDKROOT = iphoneos;
				SWIFT_COMPILATION_MODE = wholemodule;
				SWIFT_OPTIMIZATION_LEVEL = "-O";
				VALIDATE_PRODUCT = YES;
			};
			name = Release;
		};
		944213C42A6D9389000562BB /* Debug */ = {
			isa = XCBuildConfiguration;
			buildSettings = {
				ASSETCATALOG_COMPILER_APPICON_NAME = AppIcon;
				ASSETCATALOG_COMPILER_GLOBAL_ACCENT_COLOR_NAME = AccentColor;
				CODE_SIGN_STYLE = Automatic;
				CURRENT_PROJECT_VERSION = 1;
				GENERATE_INFOPLIST_FILE = YES;
				INFOPLIST_FILE = "MDEV1004-M2023-ICE7A/Info.plist";
				INFOPLIST_KEY_UIApplicationSupportsIndirectInputEvents = YES;
				INFOPLIST_KEY_UILaunchStoryboardName = LaunchScreen;
				INFOPLIST_KEY_UIMainStoryboardFile = Main;
				INFOPLIST_KEY_UISupportedInterfaceOrientations_iPad = "UIInterfaceOrientationPortrait UIInterfaceOrientationPortraitUpsideDown UIInterfaceOrientationLandscapeLeft UIInterfaceOrientationLandscapeRight";
				INFOPLIST_KEY_UISupportedInterfaceOrientations_iPhone = "UIInterfaceOrientationPortrait UIInterfaceOrientationLandscapeLeft UIInterfaceOrientationLandscapeRight";
				LD_RUNPATH_SEARCH_PATHS = (
					"$(inherited)",
					"@executable_path/Frameworks",
				);
				MARKETING_VERSION = 1.0;
				PRODUCT_BUNDLE_IDENTIFIER = "ca.georgian.NamrataSavaliya.MDEV1004-M2023-ICE7A";
				PRODUCT_NAME = "$(TARGET_NAME)";
				SWIFT_EMIT_LOC_STRINGS = YES;
				SWIFT_VERSION = 5.0;
				TARGETED_DEVICE_FAMILY = "1,2";
			};
			name = Debug;
		};
		944213C52A6D9389000562BB /* Release */ = {
			isa = XCBuildConfiguration;
			buildSettings = {
				ASSETCATALOG_COMPILER_APPICON_NAME = AppIcon;
				ASSETCATALOG_COMPILER_GLOBAL_ACCENT_COLOR_NAME = AccentColor;
				CODE_SIGN_STYLE = Automatic;
				CURRENT_PROJECT_VERSION = 1;
				GENERATE_INFOPLIST_FILE = YES;
				INFOPLIST_FILE = "MDEV1004-M2023-ICE7A/Info.plist";
				INFOPLIST_KEY_UIApplicationSupportsIndirectInputEvents = YES;
				INFOPLIST_KEY_UILaunchStoryboardName = LaunchScreen;
				INFOPLIST_KEY_UIMainStoryboardFile = Main;
				INFOPLIST_KEY_UISupportedInterfaceOrientations_iPad = "UIInterfaceOrientationPortrait UIInterfaceOrientationPortraitUpsideDown UIInterfaceOrientationLandscapeLeft UIInterfaceOrientationLandscapeRight";
				INFOPLIST_KEY_UISupportedInterfaceOrientations_iPhone = "UIInterfaceOrientationPortrait UIInterfaceOrientationLandscapeLeft UIInterfaceOrientationLandscapeRight";
				LD_RUNPATH_SEARCH_PATHS = (
					"$(inherited)",
					"@executable_path/Frameworks",
				);
				MARKETING_VERSION = 1.0;
				PRODUCT_BUNDLE_IDENTIFIER = "ca.georgian.NamrataSavaliya.MDEV1004-M2023-ICE7A";
				PRODUCT_NAME = "$(TARGET_NAME)";
				SWIFT_EMIT_LOC_STRINGS = YES;
				SWIFT_VERSION = 5.0;
				TARGETED_DEVICE_FAMILY = "1,2";
			};
			name = Release;
		};
/* End XCBuildConfiguration section */

/* Begin XCConfigurationList section */
		944213AA2A6D9386000562BB /* Build configuration list for PBXProject "MDEV1004-M2023-ICE7A" */ = {
			isa = XCConfigurationList;
			buildConfigurations = (
				944213C12A6D9389000562BB /* Debug */,
				944213C22A6D9389000562BB /* Release */,
			);
			defaultConfigurationIsVisible = 0;
			defaultConfigurationName = Release;
		};
		944213C32A6D9389000562BB /* Build configuration list for PBXNativeTarget "MDEV1004-M2023-ICE7A" */ = {
			isa = XCConfigurationList;
			buildConfigurations = (
				944213C42A6D9389000562BB /* Debug */,
				944213C52A6D9389000562BB /* Release */,
			);
			defaultConfigurationIsVisible = 0;
			defaultConfigurationName = Release;
		};
/* End XCConfigurationList section */
	};
	rootObject = 944213A72A6D9386000562BB /* Project object */;
}
